// !$*UTF8*$!
{
	archiveVersion = 1;
	classes = {
	};
	objectVersion = 51;
	objects = {

/* Begin PBXBuildFile section */
		7F65E63123E9784E0076C24F /* showAppController.swift in Sources */ = {isa = PBXBuildFile; fileRef = 7F65E63023E9784E0076C24F /* showAppController.swift */; };
		7F65E63323E97D590076C24F /* appCell.swift in Sources */ = {isa = PBXBuildFile; fileRef = 7F65E63223E97D590076C24F /* appCell.swift */; };
		7F91C48C23E038CB001678AE /* TableViewController.swift in Sources */ = {isa = PBXBuildFile; fileRef = 7F91C48B23E038CB001678AE /* TableViewController.swift */; };
		7F91C49223E04D77001678AE /* tableCell.swift in Sources */ = {isa = PBXBuildFile; fileRef = 7F91C49123E04D77001678AE /* tableCell.swift */; };
		7F9CC01723E8163B001D5447 /* userController.swift in Sources */ = {isa = PBXBuildFile; fileRef = 7F9CC01623E8163B001D5447 /* userController.swift */; };
		7F9CC01B23E836D5001D5447 /* mapController.swift in Sources */ = {isa = PBXBuildFile; fileRef = 7F9CC01A23E836D5001D5447 /* mapController.swift */; };
		7FA7080A23EADDCE0092D4DD /* RestrictController.swift in Sources */ = {isa = PBXBuildFile; fileRef = 7FA7080923EADDCE0092D4DD /* RestrictController.swift */; };
		7FA7080C23EAE70F0092D4DD /* Restriction.swift in Sources */ = {isa = PBXBuildFile; fileRef = 7FA7080B23EAE70F0092D4DD /* Restriction.swift */; };
		7FCB3A6923F172E8009343C0 /* ChangePasswordController.swift in Sources */ = {isa = PBXBuildFile; fileRef = 7FCB3A6823F172E8009343C0 /* ChangePasswordController.swift */; };
		7FCB3A6C23F1789F009343C0 /* Main.storyboard in Resources */ = {isa = PBXBuildFile; fileRef = 7FCB3A6A23F1789F009343C0 /* Main.storyboard */; };
		7FEBEB7623D0550800D04D83 /* AppDelegate.swift in Sources */ = {isa = PBXBuildFile; fileRef = 7FEBEB7523D0550800D04D83 /* AppDelegate.swift */; };
		7FEBEB7823D0550800D04D83 /* loginController.swift in Sources */ = {isa = PBXBuildFile; fileRef = 7FEBEB7723D0550800D04D83 /* loginController.swift */; };
		7FEBEB7D23D0550E00D04D83 /* Assets.xcassets in Resources */ = {isa = PBXBuildFile; fileRef = 7FEBEB7C23D0550E00D04D83 /* Assets.xcassets */; };
		7FEBEB8023D0550E00D04D83 /* LaunchScreen.storyboard in Resources */ = {isa = PBXBuildFile; fileRef = 7FEBEB7E23D0550E00D04D83 /* LaunchScreen.storyboard */; };
		7FEBEB8823D0573F00D04D83 /* registerController.swift in Sources */ = {isa = PBXBuildFile; fileRef = 7FEBEB8723D0573F00D04D83 /* registerController.swift */; };
		7FEBEB8A23D0667800D04D83 /* User.swift in Sources */ = {isa = PBXBuildFile; fileRef = 7FEBEB8923D0667800D04D83 /* User.swift */; };
		B115C8E0A9B0521F58B32FD2 /* Pods_Bienestapp.framework in Frameworks */ = {isa = PBXBuildFile; fileRef = F1B40140EC0FAE606A12A955 /* Pods_Bienestapp.framework */; };
/* End PBXBuildFile section */

/* Begin PBXFileReference section */
		14E8622CE5A1121CE726E67A /* Pods-Bienestapp.release.xcconfig */ = {isa = PBXFileReference; includeInIndex = 1; lastKnownFileType = text.xcconfig; name = "Pods-Bienestapp.release.xcconfig"; path = "Target Support Files/Pods-Bienestapp/Pods-Bienestapp.release.xcconfig"; sourceTree = "<group>"; };
		621FE4DD4F7EC455E5C886A5 /* Pods-Bienestapp.debug.xcconfig */ = {isa = PBXFileReference; includeInIndex = 1; lastKnownFileType = text.xcconfig; name = "Pods-Bienestapp.debug.xcconfig"; path = "Target Support Files/Pods-Bienestapp/Pods-Bienestapp.debug.xcconfig"; sourceTree = "<group>"; };
		7F65E63023E9784E0076C24F /* showAppController.swift */ = {isa = PBXFileReference; lastKnownFileType = sourcecode.swift; path = showAppController.swift; sourceTree = "<group>"; };
		7F65E63223E97D590076C24F /* appCell.swift */ = {isa = PBXFileReference; lastKnownFileType = sourcecode.swift; path = appCell.swift; sourceTree = "<group>"; };
		7F91C48B23E038CB001678AE /* TableViewController.swift */ = {isa = PBXFileReference; lastKnownFileType = sourcecode.swift; path = TableViewController.swift; sourceTree = "<group>"; };
		7F91C49123E04D77001678AE /* tableCell.swift */ = {isa = PBXFileReference; lastKnownFileType = sourcecode.swift; path = tableCell.swift; sourceTree = "<group>"; };
		7F9CC01623E8163B001D5447 /* userController.swift */ = {isa = PBXFileReference; lastKnownFileType = sourcecode.swift; path = userController.swift; sourceTree = "<group>"; };
		7F9CC01A23E836D5001D5447 /* mapController.swift */ = {isa = PBXFileReference; lastKnownFileType = sourcecode.swift; path = mapController.swift; sourceTree = "<group>"; };
		7FA7080923EADDCE0092D4DD /* RestrictController.swift */ = {isa = PBXFileReference; lastKnownFileType = sourcecode.swift; path = RestrictController.swift; sourceTree = "<group>"; };
		7FA7080B23EAE70F0092D4DD /* Restriction.swift */ = {isa = PBXFileReference; lastKnownFileType = sourcecode.swift; path = Restriction.swift; sourceTree = "<group>"; };
		7FCB3A6823F172E8009343C0 /* ChangePasswordController.swift */ = {isa = PBXFileReference; lastKnownFileType = sourcecode.swift; path = ChangePasswordController.swift; sourceTree = "<group>"; };
		7FCB3A6B23F1789F009343C0 /* Base */ = {isa = PBXFileReference; lastKnownFileType = file.storyboard; name = Base; path = Base.lproj/Main.storyboard; sourceTree = "<group>"; };
		7FEBEB7223D0550800D04D83 /* Bienestapp.app */ = {isa = PBXFileReference; explicitFileType = wrapper.application; includeInIndex = 0; path = Bienestapp.app; sourceTree = BUILT_PRODUCTS_DIR; };
		7FEBEB7523D0550800D04D83 /* AppDelegate.swift */ = {isa = PBXFileReference; lastKnownFileType = sourcecode.swift; path = AppDelegate.swift; sourceTree = "<group>"; };
		7FEBEB7723D0550800D04D83 /* loginController.swift */ = {isa = PBXFileReference; lastKnownFileType = sourcecode.swift; path = loginController.swift; sourceTree = "<group>"; };
		7FEBEB7C23D0550E00D04D83 /* Assets.xcassets */ = {isa = PBXFileReference; lastKnownFileType = folder.assetcatalog; path = Assets.xcassets; sourceTree = "<group>"; };
		7FEBEB7F23D0550E00D04D83 /* Base */ = {isa = PBXFileReference; lastKnownFileType = file.storyboard; name = Base; path = Base.lproj/LaunchScreen.storyboard; sourceTree = "<group>"; };
		7FEBEB8123D0550E00D04D83 /* Info.plist */ = {isa = PBXFileReference; lastKnownFileType = text.plist.xml; path = Info.plist; sourceTree = "<group>"; };
		7FEBEB8723D0573F00D04D83 /* registerController.swift */ = {isa = PBXFileReference; lastKnownFileType = sourcecode.swift; path = registerController.swift; sourceTree = "<group>"; };
		7FEBEB8923D0667800D04D83 /* User.swift */ = {isa = PBXFileReference; lastKnownFileType = sourcecode.swift; path = User.swift; sourceTree = "<group>"; };
		F1B40140EC0FAE606A12A955 /* Pods_Bienestapp.framework */ = {isa = PBXFileReference; explicitFileType = wrapper.framework; includeInIndex = 0; path = Pods_Bienestapp.framework; sourceTree = BUILT_PRODUCTS_DIR; };
/* End PBXFileReference section */

/* Begin PBXFrameworksBuildPhase section */
		7FEBEB6F23D0550700D04D83 /* Frameworks */ = {
			isa = PBXFrameworksBuildPhase;
			buildActionMask = 2147483647;
			files = (
				B115C8E0A9B0521F58B32FD2 /* Pods_Bienestapp.framework in Frameworks */,
			);
			runOnlyForDeploymentPostprocessing = 0;
		};
/* End PBXFrameworksBuildPhase section */

/* Begin PBXGroup section */
		4B97F462ABF47A5F2EC0E1A8 /* Frameworks */ = {
			isa = PBXGroup;
			children = (
				F1B40140EC0FAE606A12A955 /* Pods_Bienestapp.framework */,
			);
			name = Frameworks;
			sourceTree = "<group>";
		};
		7FEBEB6923D0550700D04D83 = {
			isa = PBXGroup;
			children = (
				7FEBEB7423D0550800D04D83 /* Bienestapp */,
				7FEBEB7323D0550800D04D83 /* Products */,
				E332B0A7FE177A41AE56666D /* Pods */,
				4B97F462ABF47A5F2EC0E1A8 /* Frameworks */,
			);
			sourceTree = "<group>";
		};
		7FEBEB7323D0550800D04D83 /* Products */ = {
			isa = PBXGroup;
			children = (
				7FEBEB7223D0550800D04D83 /* Bienestapp.app */,
			);
			name = Products;
			sourceTree = "<group>";
		};
		7FEBEB7423D0550800D04D83 /* Bienestapp */ = {
			isa = PBXGroup;
			children = (
				7FEBEB7523D0550800D04D83 /* AppDelegate.swift */,
				7FEBEB7723D0550800D04D83 /* loginController.swift */,
				7FEBEB8923D0667800D04D83 /* User.swift */,
				7FCB3A6A23F1789F009343C0 /* Main.storyboard */,
				7FEBEB8723D0573F00D04D83 /* registerController.swift */,
				7FEBEB7C23D0550E00D04D83 /* Assets.xcassets */,
				7FEBEB7E23D0550E00D04D83 /* LaunchScreen.storyboard */,
				7FEBEB8123D0550E00D04D83 /* Info.plist */,
				7F91C48B23E038CB001678AE /* TableViewController.swift */,
				7F91C49123E04D77001678AE /* tableCell.swift */,
				7F9CC01623E8163B001D5447 /* userController.swift */,
				7F9CC01A23E836D5001D5447 /* mapController.swift */,
				7F65E63023E9784E0076C24F /* showAppController.swift */,
				7F65E63223E97D590076C24F /* appCell.swift */,
				7FA7080923EADDCE0092D4DD /* RestrictController.swift */,
				7FA7080B23EAE70F0092D4DD /* Restriction.swift */,
				7FCB3A6823F172E8009343C0 /* ChangePasswordController.swift */,
			);
			path = Bienestapp;
			sourceTree = "<group>";
		};
		E332B0A7FE177A41AE56666D /* Pods */ = {
			isa = PBXGroup;
			children = (
				621FE4DD4F7EC455E5C886A5 /* Pods-Bienestapp.debug.xcconfig */,
				14E8622CE5A1121CE726E67A /* Pods-Bienestapp.release.xcconfig */,
			);
			path = Pods;
			sourceTree = "<group>";
		};
/* End PBXGroup section */

/* Begin PBXNativeTarget section */
		7FEBEB7123D0550700D04D83 /* Bienestapp */ = {
			isa = PBXNativeTarget;
			buildConfigurationList = 7FEBEB8423D0550E00D04D83 /* Build configuration list for PBXNativeTarget "Bienestapp" */;
			buildPhases = (
				32017076469E00CDD2FC05FB /* [CP] Check Pods Manifest.lock */,
				7FEBEB6E23D0550700D04D83 /* Sources */,
				7FEBEB6F23D0550700D04D83 /* Frameworks */,
				7FEBEB7023D0550700D04D83 /* Resources */,
				2149163E9F87A0D2C5BEF5F1 /* [CP] Embed Pods Frameworks */,
			);
			buildRules = (
			);
			dependencies = (
			);
			name = Bienestapp;
			productName = Bienestapp;
			productReference = 7FEBEB7223D0550800D04D83 /* Bienestapp.app */;
			productType = "com.apple.product-type.application";
		};
/* End PBXNativeTarget section */

/* Begin PBXProject section */
		7FEBEB6A23D0550700D04D83 /* Project object */ = {
			isa = PBXProject;
			attributes = {
				LastSwiftUpdateCheck = 1020;
				LastUpgradeCheck = 1020;
				ORGANIZATIONNAME = alumnos;
				TargetAttributes = {
					7FEBEB7123D0550700D04D83 = {
						CreatedOnToolsVersion = 10.2.1;
					};
				};
			};
			buildConfigurationList = 7FEBEB6D23D0550700D04D83 /* Build configuration list for PBXProject "Bienestapp" */;
			compatibilityVersion = "Xcode 9.3";
			developmentRegion = en;
			hasScannedForEncodings = 0;
			knownRegions = (
				en,
				Base,
			);
			mainGroup = 7FEBEB6923D0550700D04D83;
			productRefGroup = 7FEBEB7323D0550800D04D83 /* Products */;
			projectDirPath = "";
			projectRoot = "";
			targets = (
				7FEBEB7123D0550700D04D83 /* Bienestapp */,
			);
		};
/* End PBXProject section */

/* Begin PBXResourcesBuildPhase section */
		7FEBEB7023D0550700D04D83 /* Resources */ = {
			isa = PBXResourcesBuildPhase;
			buildActionMask = 2147483647;
			files = (
				7FCB3A6C23F1789F009343C0 /* Main.storyboard in Resources */,
				7FEBEB8023D0550E00D04D83 /* LaunchScreen.storyboard in Resources */,
				7FEBEB7D23D0550E00D04D83 /* Assets.xcassets in Resources */,
			);
			runOnlyForDeploymentPostprocessing = 0;
		};
/* End PBXResourcesBuildPhase section */

/* Begin PBXShellScriptBuildPhase section */
		2149163E9F87A0D2C5BEF5F1 /* [CP] Embed Pods Frameworks */ = {
			isa = PBXShellScriptBuildPhase;
			buildActionMask = 2147483647;
			files = (
			);
			inputFileListPaths = (
				"${PODS_ROOT}/Target Support Files/Pods-Bienestapp/Pods-Bienestapp-frameworks-${CONFIGURATION}-input-files.xcfilelist",
			);
			name = "[CP] Embed Pods Frameworks";
			outputFileListPaths = (
				"${PODS_ROOT}/Target Support Files/Pods-Bienestapp/Pods-Bienestapp-frameworks-${CONFIGURATION}-output-files.xcfilelist",
			);
			runOnlyForDeploymentPostprocessing = 0;
			shellPath = /bin/sh;
			shellScript = "\"${PODS_ROOT}/Target Support Files/Pods-Bienestapp/Pods-Bienestapp-frameworks.sh\"\n";
			showEnvVarsInLog = 0;
		};
		32017076469E00CDD2FC05FB /* [CP] Check Pods Manifest.lock */ = {
			isa = PBXShellScriptBuildPhase;
			buildActionMask = 2147483647;
			files = (
			);
			inputFileListPaths = (
			);
			inputPaths = (
				"${PODS_PODFILE_DIR_PATH}/Podfile.lock",
				"${PODS_ROOT}/Manifest.lock",
			);
			name = "[CP] Check Pods Manifest.lock";
			outputFileListPaths = (
			);
			outputPaths = (
				"$(DERIVED_FILE_DIR)/Pods-Bienestapp-checkManifestLockResult.txt",
			);
			runOnlyForDeploymentPostprocessing = 0;
			shellPath = /bin/sh;
			shellScript = "diff \"${PODS_PODFILE_DIR_PATH}/Podfile.lock\" \"${PODS_ROOT}/Manifest.lock\" > /dev/null\nif [ $? != 0 ] ; then\n    # print error to STDERR\n    echo \"error: The sandbox is not in sync with the Podfile.lock. Run 'pod install' or update your CocoaPods installation.\" >&2\n    exit 1\nfi\n# This output is used by Xcode 'outputs' to avoid re-running this script phase.\necho \"SUCCESS\" > \"${SCRIPT_OUTPUT_FILE_0}\"\n";
			showEnvVarsInLog = 0;
		};
/* End PBXShellScriptBuildPhase section */

/* Begin PBXSourcesBuildPhase section */
		7FEBEB6E23D0550700D04D83 /* Sources */ = {
			isa = PBXSourcesBuildPhase;
			buildActionMask = 2147483647;
			files = (
				7F9CC01723E8163B001D5447 /* userController.swift in Sources */,
				7FEBEB8A23D0667800D04D83 /* User.swift in Sources */,
				7FA7080A23EADDCE0092D4DD /* RestrictController.swift in Sources */,
				7FCB3A6923F172E8009343C0 /* ChangePasswordController.swift in Sources */,
				7F91C48C23E038CB001678AE /* TableViewController.swift in Sources */,
				7F65E63123E9784E0076C24F /* showAppController.swift in Sources */,
				7F91C49223E04D77001678AE /* tableCell.swift in Sources */,
				7F9CC01B23E836D5001D5447 /* mapController.swift in Sources */,
				7FEBEB7823D0550800D04D83 /* loginController.swift in Sources */,
				7FEBEB8823D0573F00D04D83 /* registerController.swift in Sources */,
				7F65E63323E97D590076C24F /* appCell.swift in Sources */,
				7FA7080C23EAE70F0092D4DD /* Restriction.swift in Sources */,
				7FEBEB7623D0550800D04D83 /* AppDelegate.swift in Sources */,
			);
			runOnlyForDeploymentPostprocessing = 0;
		};
/* End PBXSourcesBuildPhase section */

/* Begin PBXVariantGroup section */
		7FCB3A6A23F1789F009343C0 /* Main.storyboard */ = {
			isa = PBXVariantGroup;
			children = (
				7FCB3A6B23F1789F009343C0 /* Base */,
			);
			name = Main.storyboard;
			sourceTree = "<group>";
		};
		7FEBEB7E23D0550E00D04D83 /* LaunchScreen.storyboard */ = {
			isa = PBXVariantGroup;
			children = (
				7FEBEB7F23D0550E00D04D83 /* Base */,
			);
			name = LaunchScreen.storyboard;
			sourceTree = "<group>";
		};
/* End PBXVariantGroup section */

/* Begin XCBuildConfiguration section */
		7FEBEB8223D0550E00D04D83 /* Debug */ = {
			isa = XCBuildConfiguration;
			buildSettings = {
				ALWAYS_SEARCH_USER_PATHS = NO;
				CLANG_ANALYZER_NONNULL = YES;
				CLANG_ANALYZER_NUMBER_OBJECT_CONVERSION = YES_AGGRESSIVE;
				CLANG_CXX_LANGUAGE_STANDARD = "gnu++14";
				CLANG_CXX_LIBRARY = "libc++";
				CLANG_ENABLE_MODULES = YES;
				CLANG_ENABLE_OBJC_ARC = YES;
				CLANG_ENABLE_OBJC_WEAK = YES;
				CLANG_WARN_BLOCK_CAPTURE_AUTORELEASING = YES;
				CLANG_WARN_BOOL_CONVERSION = YES;
				CLANG_WARN_COMMA = YES;
				CLANG_WARN_CONSTANT_CONVERSION = YES;
				CLANG_WARN_DEPRECATED_OBJC_IMPLEMENTATIONS = YES;
				CLANG_WARN_DIRECT_OBJC_ISA_USAGE = YES_ERROR;
				CLANG_WARN_DOCUMENTATION_COMMENTS = YES;
				CLANG_WARN_EMPTY_BODY = YES;
				CLANG_WARN_ENUM_CONVERSION = YES;
				CLANG_WARN_INFINITE_RECURSION = YES;
				CLANG_WARN_INT_CONVERSION = YES;
				CLANG_WARN_NON_LITERAL_NULL_CONVERSION = YES;
				CLANG_WARN_OBJC_IMPLICIT_RETAIN_SELF = YES;
				CLANG_WARN_OBJC_LITERAL_CONVERSION = YES;
				CLANG_WARN_OBJC_ROOT_CLASS = YES_ERROR;
				CLANG_WARN_RANGE_LOOP_ANALYSIS = YES;
				CLANG_WARN_STRICT_PROTOTYPES = YES;
				CLANG_WARN_SUSPICIOUS_MOVE = YES;
				CLANG_WARN_UNGUARDED_AVAILABILITY = YES_AGGRESSIVE;
				CLANG_WARN_UNREACHABLE_CODE = YES;
				CLANG_WARN__DUPLICATE_METHOD_MATCH = YES;
				CODE_SIGN_IDENTITY = "iPhone Developer";
				COPY_PHASE_STRIP = NO;
				DEBUG_INFORMATION_FORMAT = dwarf;
				ENABLE_STRICT_OBJC_MSGSEND = YES;
				ENABLE_TESTABILITY = YES;
				GCC_C_LANGUAGE_STANDARD = gnu11;
				GCC_DYNAMIC_NO_PIC = NO;
				GCC_NO_COMMON_BLOCKS = YES;
				GCC_OPTIMIZATION_LEVEL = 0;
				GCC_PREPROCESSOR_DEFINITIONS = (
					"DEBUG=1",
					"$(inherited)",
				);
				GCC_WARN_64_TO_32_BIT_CONVERSION = YES;
				GCC_WARN_ABOUT_RETURN_TYPE = YES_ERROR;
				GCC_WARN_UNDECLARED_SELECTOR = YES;
				GCC_WARN_UNINITIALIZED_AUTOS = YES_AGGRESSIVE;
				GCC_WARN_UNUSED_FUNCTION = YES;
				GCC_WARN_UNUSED_VARIABLE = YES;
				IPHONEOS_DEPLOYMENT_TARGET = 12.2;
				MTL_ENABLE_DEBUG_INFO = INCLUDE_SOURCE;
				MTL_FAST_MATH = YES;
				ONLY_ACTIVE_ARCH = YES;
				SDKROOT = iphoneos;
				SWIFT_ACTIVE_COMPILATION_CONDITIONS = DEBUG;
				SWIFT_OPTIMIZATION_LEVEL = "-Onone";
			};
			name = Debug;
		};
		7FEBEB8323D0550E00D04D83 /* Release */ = {
			isa = XCBuildConfiguration;
			buildSettings = {
				ALWAYS_SEARCH_USER_PATHS = NO;
				CLANG_ANALYZER_NONNULL = YES;
				CLANG_ANALYZER_NUMBER_OBJECT_CONVERSION = YES_AGGRESSIVE;
				CLANG_CXX_LANGUAGE_STANDARD = "gnu++14";
				CLANG_CXX_LIBRARY = "libc++";
				CLANG_ENABLE_MODULES = YES;
				CLANG_ENABLE_OBJC_ARC = YES;
				CLANG_ENABLE_OBJC_WEAK = YES;
				CLANG_WARN_BLOCK_CAPTURE_AUTORELEASING = YES;
				CLANG_WARN_BOOL_CONVERSION = YES;
				CLANG_WARN_COMMA = YES;
				CLANG_WARN_CONSTANT_CONVERSION = YES;
				CLANG_WARN_DEPRECATED_OBJC_IMPLEMENTATIONS = YES;
				CLANG_WARN_DIRECT_OBJC_ISA_USAGE = YES_ERROR;
				CLANG_WARN_DOCUMENTATION_COMMENTS = YES;
				CLANG_WARN_EMPTY_BODY = YES;
				CLANG_WARN_ENUM_CONVERSION = YES;
				CLANG_WARN_INFINITE_RECURSION = YES;
				CLANG_WARN_INT_CONVERSION = YES;
				CLANG_WARN_NON_LITERAL_NULL_CONVERSION = YES;
				CLANG_WARN_OBJC_IMPLICIT_RETAIN_SELF = YES;
				CLANG_WARN_OBJC_LITERAL_CONVERSION = YES;
				CLANG_WARN_OBJC_ROOT_CLASS = YES_ERROR;
				CLANG_WARN_RANGE_LOOP_ANALYSIS = YES;
				CLANG_WARN_STRICT_PROTOTYPES = YES;
				CLANG_WARN_SUSPICIOUS_MOVE = YES;
				CLANG_WARN_UNGUARDED_AVAILABILITY = YES_AGGRESSIVE;
				CLANG_WARN_UNREACHABLE_CODE = YES;
				CLANG_WARN__DUPLICATE_METHOD_MATCH = YES;
				CODE_SIGN_IDENTITY = "iPhone Developer";
				COPY_PHASE_STRIP = NO;
				DEBUG_INFORMATION_FORMAT = "dwarf-with-dsym";
				ENABLE_NS_ASSERTIONS = NO;
				ENABLE_STRICT_OBJC_MSGSEND = YES;
				GCC_C_LANGUAGE_STANDARD = gnu11;
				GCC_NO_COMMON_BLOCKS = YES;
				GCC_WARN_64_TO_32_BIT_CONVERSION = YES;
				GCC_WARN_ABOUT_RETURN_TYPE = YES_ERROR;
				GCC_WARN_UNDECLARED_SELECTOR = YES;
				GCC_WARN_UNINITIALIZED_AUTOS = YES_AGGRESSIVE;
				GCC_WARN_UNUSED_FUNCTION = YES;
				GCC_WARN_UNUSED_VARIABLE = YES;
				IPHONEOS_DEPLOYMENT_TARGET = 12.2;
				MTL_ENABLE_DEBUG_INFO = NO;
				MTL_FAST_MATH = YES;
				SDKROOT = iphoneos;
				SWIFT_COMPILATION_MODE = wholemodule;
				SWIFT_OPTIMIZATION_LEVEL = "-O";
				VALIDATE_PRODUCT = YES;
			};
			name = Release;
		};
		7FEBEB8523D0550E00D04D83 /* Debug */ = {
			isa = XCBuildConfiguration;
			baseConfigurationReference = 621FE4DD4F7EC455E5C886A5 /* Pods-Bienestapp.debug.xcconfig */;
			buildSettings = {
				ASSETCATALOG_COMPILER_APPICON_NAME = AppIcon;
				CODE_SIGN_STYLE = Manual;
				DEVELOPMENT_TEAM = "";
				INFOPLIST_FILE = Bienestapp/Info.plist;
				LD_RUNPATH_SEARCH_PATHS = (
					"$(inherited)",
					"@executable_path/Frameworks",
				);
				PRODUCT_BUNDLE_IDENTIFIER = fabregas.Bienestapp;
				PRODUCT_NAME = "$(TARGET_NAME)";
				PROVISIONING_PROFILE_SPECIFIER = "";
				SWIFT_VERSION = 5.0;
				TARGETED_DEVICE_FAMILY = "1,2";
			};
			name = Debug;
		};
		7FEBEB8623D0550E00D04D83 /* Release */ = {
			isa = XCBuildConfiguration;
			baseConfigurationReference = 14E8622CE5A1121CE726E67A /* Pods-Bienestapp.release.xcconfig */;
			buildSettings = {
				ASSETCATALOG_COMPILER_APPICON_NAME = AppIcon;
				CODE_SIGN_STYLE = Manual;
				DEVELOPMENT_TEAM = "";
				INFOPLIST_FILE = Bienestapp/Info.plist;
				LD_RUNPATH_SEARCH_PATHS = (
					"$(inherited)",
					"@executable_path/Frameworks",
				);
				PRODUCT_BUNDLE_IDENTIFIER = fabregas.Bienestapp;
				PRODUCT_NAME = "$(TARGET_NAME)";
				PROVISIONING_PROFILE_SPECIFIER = "";
				SWIFT_VERSION = 5.0;
				TARGETED_DEVICE_FAMILY = "1,2";
			};
			name = Release;
		};
/* End XCBuildConfiguration section */

/* Begin XCConfigurationList section */
		7FEBEB6D23D0550700D04D83 /* Build configuration list for PBXProject "Bienestapp" */ = {
			isa = XCConfigurationList;
			buildConfigurations = (
				7FEBEB8223D0550E00D04D83 /* Debug */,
				7FEBEB8323D0550E00D04D83 /* Release */,
			);
			defaultConfigurationIsVisible = 0;
			defaultConfigurationName = Release;
		};
		7FEBEB8423D0550E00D04D83 /* Build configuration list for PBXNativeTarget "Bienestapp" */ = {
			isa = XCConfigurationList;
			buildConfigurations = (
				7FEBEB8523D0550E00D04D83 /* Debug */,
				7FEBEB8623D0550E00D04D83 /* Release */,
			);
			defaultConfigurationIsVisible = 0;
			defaultConfigurationName = Release;
		};
/* End XCConfigurationList section */
	};
	rootObject = 7FEBEB6A23D0550700D04D83 /* Project object */;
}
